// !$*UTF8*$!
{
	archiveVersion = 1;
	classes = {
	};
	objectVersion = 77;
	objects = {

/* Begin PBXBuildFile section */
		0000000000000000000000B2 /* AddressPopoverController.m in Sources */ = {isa = PBXBuildFile; fileRef = 0000000000000000000000A2 /* AddressPopoverController.m */; };
		0000000000000000000000B4 /* OmnibarURLResolver.m in Sources */ = {isa = PBXBuildFile; fileRef = 0000000000000000000000A4 /* OmnibarURLResolver.m */; };
		0000000000000000000000B5 /* Toolbar.pdf in Resources */ = {isa = PBXBuildFile; fileRef = 0000000000000000000000A5 /* Toolbar.pdf */; };
		0000000000000000000000B7 /* OmnibarSearchSettings.m in Sources */ = {isa = PBXBuildFile; fileRef = 0000000000000000000000A7 /* OmnibarSearchSettings.m */; };
		0000000000000000000000B9 /* SearchSettingsController.m in Sources */ = {isa = PBXBuildFile; fileRef = 0000000000000000000000A9 /* SearchSettingsController.m */; };
		0000000000000000000000D1 /* PrivacyInfo.xcprivacy in Resources */ = {isa = PBXBuildFile; fileRef = 0000000000000000000000C1 /* PrivacyInfo.xcprivacy */; };
		0000000000000000000000D2 /* PrivacyInfo.xcprivacy in Resources */ = {isa = PBXBuildFile; fileRef = 0000000000000000000000C2 /* PrivacyInfo.xcprivacy */; };
		0000000000000000000000D3 /* AppIcon.icon in Resources */ = {isa = PBXBuildFile; fileRef = 0000000000000000000000C3 /* AppIcon.icon */; };
		4225A154305694F500A739B8 /* AppDelegate.m in Sources */ = {isa = PBXBuildFile; fileRef = 4225A153305694F500A739B8 /* AppDelegate.m */; };
		4225A161305694F500A739B8 /* ViewController.m in Sources */ = {isa = PBXBuildFile; fileRef = 4225A160305694F500A739B8 /* ViewController.m */; };
		4225A166305694F600A739B8 /* Assets.xcassets in Resources */ = {isa = PBXBuildFile; fileRef = 4225A165305694F600A739B8 /* Assets.xcassets */; };
		4225A169305694F600A739B8 /* main.m in Sources */ = {isa = PBXBuildFile; fileRef = 4225A168305694F600A739B8 /* main.m */; };
		4225A16F305694F600A739B8 /* Omnibar Extension.appex in Embed Foundation Extensions */ = {isa = PBXBuildFile; fileRef = 4225A16E305694F600A739B8 /* Omnibar Extension.appex */; settings = {ATTRIBUTES = (RemoveHeadersOnCopy, ); }; };
		4225A175305694F600A739B8 /* SafariExtensionHandler.m in Sources */ = {isa = PBXBuildFile; fileRef = 4225A174305694F600A739B8 /* SafariExtensionHandler.m */; };
/* End PBXBuildFile section */

/* Begin PBXContainerItemProxy section */
		4225A170305694F600A739B8 /* PBXContainerItemProxy */ = {
			isa = PBXContainerItemProxy;
			containerPortal = 4225A147305694F500A739B8 /* Project object */;
			proxyType = 1;
			remoteGlobalIDString = 4225A16D305694F600A739B8;
			remoteInfo = "Omnibar Extension";
		};
/* End PBXContainerItemProxy section */

/* Begin PBXCopyFilesBuildPhase section */
		4225A17C305694F600A739B8 /* Embed Foundation Extensions */ = {
			isa = PBXCopyFilesBuildPhase;
			buildActionMask = 2147483647;
			dstPath = "";
			dstSubfolderSpec = 13;
			files = (
				4225A16F305694F600A739B8 /* Omnibar Extension.appex in Embed Foundation Extensions */,
			);
			name = "Embed Foundation Extensions";
			runOnlyForDeploymentPostprocessing = 0;
		};
/* End PBXCopyFilesBuildPhase section */

/* Begin PBXFileReference section */
		0000000000000000000000A1 /* AddressPopoverController.h */ = {isa = PBXFileReference; lastKnownFileType = sourcecode.c.h; path = AddressPopoverController.h; sourceTree = "<group>"; };
		0000000000000000000000A2 /* AddressPopoverController.m */ = {isa = PBXFileReference; lastKnownFileType = sourcecode.c.objc; path = AddressPopoverController.m; sourceTree = "<group>"; };
		0000000000000000000000A3 /* OmnibarURLResolver.h */ = {isa = PBXFileReference; lastKnownFileType = sourcecode.c.h; path = OmnibarURLResolver.h; sourceTree = "<group>"; };
		0000000000000000000000A4 /* OmnibarURLResolver.m */ = {isa = PBXFileReference; lastKnownFileType = sourcecode.c.objc; path = OmnibarURLResolver.m; sourceTree = "<group>"; };
		0000000000000000000000A5 /* Toolbar.pdf */ = {isa = PBXFileReference; lastKnownFileType = image.pdf; path = Toolbar.pdf; sourceTree = "<group>"; };
		0000000000000000000000A6 /* OmnibarSearchSettings.h */ = {isa = PBXFileReference; lastKnownFileType = sourcecode.c.h; path = OmnibarSearchSettings.h; sourceTree = "<group>"; };
		0000000000000000000000A7 /* OmnibarSearchSettings.m */ = {isa = PBXFileReference; lastKnownFileType = sourcecode.c.objc; path = OmnibarSearchSettings.m; sourceTree = "<group>"; };
		0000000000000000000000A8 /* SearchSettingsController.h */ = {isa = PBXFileReference; lastKnownFileType = sourcecode.c.h; path = SearchSettingsController.h; sourceTree = "<group>"; };
		0000000000000000000000A9 /* SearchSettingsController.m */ = {isa = PBXFileReference; lastKnownFileType = sourcecode.c.objc; path = SearchSettingsController.m; sourceTree = "<group>"; };
		0000000000000000000000C1 /* PrivacyInfo.xcprivacy */ = {isa = PBXFileReference; lastKnownFileType = text.xml; path = PrivacyInfo.xcprivacy; sourceTree = "<group>"; };
		0000000000000000000000C2 /* PrivacyInfo.xcprivacy */ = {isa = PBXFileReference; lastKnownFileType = text.xml; path = PrivacyInfo.xcprivacy; sourceTree = "<group>"; };
		0000000000000000000000C3 /* AppIcon.icon */ = {isa = PBXFileReference; lastKnownFileType = folder.iconcomposer.icon; path = AppIcon.icon; sourceTree = "<group>"; };
		4225A14F305694F500A739B8 /* Omnibar.app */ = {isa = PBXFileReference; explicitFileType = wrapper.application; includeInIndex = 0; path = Omnibar.app; sourceTree = BUILT_PRODUCTS_DIR; };
		4225A152305694F500A739B8 /* AppDelegate.h */ = {isa = PBXFileReference; lastKnownFileType = sourcecode.c.h; path = AppDelegate.h; sourceTree = "<group>"; };
		4225A153305694F500A739B8 /* AppDelegate.m */ = {isa = PBXFileReference; lastKnownFileType = sourcecode.c.objc; path = AppDelegate.m; sourceTree = "<group>"; };
		4225A15F305694F500A739B8 /* ViewController.h */ = {isa = PBXFileReference; lastKnownFileType = sourcecode.c.h; path = ViewController.h; sourceTree = "<group>"; };
		4225A160305694F500A739B8 /* ViewController.m */ = {isa = PBXFileReference; lastKnownFileType = sourcecode.c.objc; path = ViewController.m; sourceTree = "<group>"; };
		4225A165305694F600A739B8 /* Assets.xcassets */ = {isa = PBXFileReference; lastKnownFileType = folder.assetcatalog; path = Assets.xcassets; sourceTree = "<group>"; };
		4225A167305694F600A739B8 /* Info.plist */ = {isa = PBXFileReference; lastKnownFileType = text.plist.xml; path = Info.plist; sourceTree = "<group>"; };
		4225A168305694F600A739B8 /* main.m */ = {isa = PBXFileReference; lastKnownFileType = sourcecode.c.objc; path = main.m; sourceTree = "<group>"; };
		4225A16E305694F600A739B8 /* Omnibar Extension.appex */ = {isa = PBXFileReference; explicitFileType = "wrapper.app-extension"; includeInIndex = 0; path = "Omnibar Extension.appex"; sourceTree = BUILT_PRODUCTS_DIR; };
		4225A173305694F600A739B8 /* SafariExtensionHandler.h */ = {isa = PBXFileReference; lastKnownFileType = sourcecode.c.h; path = SafariExtensionHandler.h; sourceTree = "<group>"; };
		4225A174305694F600A739B8 /* SafariExtensionHandler.m */ = {isa = PBXFileReference; lastKnownFileType = sourcecode.c.objc; path = SafariExtensionHandler.m; sourceTree = "<group>"; };
		4225A176305694F600A739B8 /* Info.plist */ = {isa = PBXFileReference; lastKnownFileType = text.plist.xml; path = Info.plist; sourceTree = "<group>"; };
/* End PBXFileReference section */

/* Begin PBXFrameworksBuildPhase section */
		4225A14C305694F500A739B8 /* Frameworks */ = {
			isa = PBXFrameworksBuildPhase;
			buildActionMask = 2147483647;
			files = (
			);
			runOnlyForDeploymentPostprocessing = 0;
		};
		4225A16B305694F600A739B8 /* Frameworks */ = {
			isa = PBXFrameworksBuildPhase;
			buildActionMask = 2147483647;
			files = (
			);
			runOnlyForDeploymentPostprocessing = 0;
		};
/* End PBXFrameworksBuildPhase section */

/* Begin PBXGroup section */
		4225A146305694F500A739B8 = {
			isa = PBXGroup;
			children = (
				4225A151305694F500A739B8 /* Omnibar */,
				4225A172305694F600A739B8 /* Omnibar Extension */,
				4225A150305694F500A739B8 /* Products */,
			);
			sourceTree = "<group>";
		};
		4225A150305694F500A739B8 /* Products */ = {
			isa = PBXGroup;
			children = (
				4225A14F305694F500A739B8 /* Omnibar.app */,
				4225A16E305694F600A739B8 /* Omnibar Extension.appex */,
			);
			name = Products;
			sourceTree = "<group>";
		};
		4225A151305694F500A739B8 /* Omnibar */ = {
			isa = PBXGroup;
			children = (
				4225A152305694F500A739B8 /* AppDelegate.h */,
				4225A153305694F500A739B8 /* AppDelegate.m */,
				4225A15F305694F500A739B8 /* ViewController.h */,
				4225A160305694F500A739B8 /* ViewController.m */,
				4225A165305694F600A739B8 /* Assets.xcassets */,
				0000000000000000000000C3 /* AppIcon.icon */,
				4225A167305694F600A739B8 /* Info.plist */,
				0000000000000000000000C1 /* PrivacyInfo.xcprivacy */,
				4225A168305694F600A739B8 /* main.m */,
			);
			path = Omnibar;
			sourceTree = "<group>";
		};
		4225A172305694F600A739B8 /* Omnibar Extension */ = {
			isa = PBXGroup;
			children = (
				4225A173305694F600A739B8 /* SafariExtensionHandler.h */,
				4225A174305694F600A739B8 /* SafariExtensionHandler.m */,
				0000000000000000000000A1 /* AddressPopoverController.h */,
				0000000000000000000000A2 /* AddressPopoverController.m */,
				0000000000000000000000A3 /* OmnibarURLResolver.h */,
				0000000000000000000000A4 /* OmnibarURLResolver.m */,
				0000000000000000000000A6 /* OmnibarSearchSettings.h */,
				0000000000000000000000A7 /* OmnibarSearchSettings.m */,
				0000000000000000000000A8 /* SearchSettingsController.h */,
				0000000000000000000000A9 /* SearchSettingsController.m */,
				0000000000000000000000A5 /* Toolbar.pdf */,
				4225A176305694F600A739B8 /* Info.plist */,
				0000000000000000000000C2 /* PrivacyInfo.xcprivacy */,
			);
			path = "Omnibar Extension";
			sourceTree = "<group>";
		};
/* End PBXGroup section */

/* Begin PBXNativeTarget section */
		4225A14E305694F500A739B8 /* Omnibar */ = {
			isa = PBXNativeTarget;
			buildConfigurationList = 4225A17D305694F600A739B8 /* Build configuration list for PBXNativeTarget "Omnibar" */;
			buildPhases = (
				4225A14B305694F500A739B8 /* Sources */,
				4225A14C305694F500A739B8 /* Frameworks */,
				4225A14D305694F500A739B8 /* Resources */,
				4225A17C305694F600A739B8 /* Embed Foundation Extensions */,
			);
			buildRules = (
			);
			dependencies = (
				4225A171305694F600A739B8 /* PBXTargetDependency */,
			);
			name = Omnibar;
			packageProductDependencies = (
			);
			productName = Omnibar;
			productReference = 4225A14F305694F500A739B8 /* Omnibar.app */;
			productType = "com.apple.product-type.application";
		};
		4225A16D305694F600A739B8 /* Omnibar Extension */ = {
			isa = PBXNativeTarget;
			buildConfigurationList = 4225A179305694F600A739B8 /* Build configuration list for PBXNativeTarget "Omnibar Extension" */;
			buildPhases = (
				4225A16A305694F600A739B8 /* Sources */,
				4225A16B305694F600A739B8 /* Frameworks */,
				4225A16C305694F600A739B8 /* Resources */,
			);
			buildRules = (
			);
			dependencies = (
			);
			name = "Omnibar Extension";
			packageProductDependencies = (
			);
			productName = "Omnibar Extension";
			productReference = 4225A16E305694F600A739B8 /* Omnibar Extension.appex */;
			productType = "com.apple.product-type.app-extension";
		};
/* End PBXNativeTarget section */

/* Begin PBXProject section */
		4225A147305694F500A739B8 /* Project object */ = {
			isa = PBXProject;
			attributes = {
				BuildIndependentTargetsInParallel = 1;
				LastUpgradeCheck = 2660;
				TargetAttributes = {
					4225A14E305694F500A739B8 = {
						CreatedOnToolsVersion = 26.6;
					};
					4225A16D305694F600A739B8 = {
						CreatedOnToolsVersion = 26.6;
					};
				};
			};
			buildConfigurationList = 4225A14A305694F500A739B8 /* Build configuration list for PBXProject "Omnibar" */;
			developmentRegion = en;
			hasScannedForEncodings = 0;
			knownRegions = (
				en,
				Base,
			);
			mainGroup = 4225A146305694F500A739B8;
			minimizedProjectReferenceProxies = 1;
			preferredProjectObjectVersion = 77;
			productRefGroup = 4225A150305694F500A739B8 /* Products */;
			projectDirPath = "";
			projectRoot = "";
			targets = (
				4225A14E305694F500A739B8 /* Omnibar */,
				4225A16D305694F600A739B8 /* Omnibar Extension */,
			);
		};
/* End PBXProject section */

/* Begin PBXResourcesBuildPhase section */
		4225A14D305694F500A739B8 /* Resources */ = {
			isa = PBXResourcesBuildPhase;
			buildActionMask = 2147483647;
			files = (
				4225A166305694F600A739B8 /* Assets.xcassets in Resources */,
				0000000000000000000000D3 /* AppIcon.icon in Resources */,
				0000000000000000000000D1 /* PrivacyInfo.xcprivacy in Resources */,
			);
			runOnlyForDeploymentPostprocessing = 0;
		};
		4225A16C305694F600A739B8 /* Resources */ = {
			isa = PBXResourcesBuildPhase;
			buildActionMask = 2147483647;
			files = (
				0000000000000000000000B5 /* Toolbar.pdf in Resources */,
				0000000000000000000000D2 /* PrivacyInfo.xcprivacy in Resources */,
			);
			runOnlyForDeploymentPostprocessing = 0;
		};
/* End PBXResourcesBuildPhase section */

/* Begin PBXSourcesBuildPhase section */
		4225A14B305694F500A739B8 /* Sources */ = {
			isa = PBXSourcesBuildPhase;
			buildActionMask = 2147483647;
			files = (
				4225A161305694F500A739B8 /* ViewController.m in Sources */,
				4225A169305694F600A739B8 /* main.m in Sources */,
				4225A154305694F500A739B8 /* AppDelegate.m in Sources */,
			);
			runOnlyForDeploymentPostprocessing = 0;
		};
		4225A16A305694F600A739B8 /* Sources */ = {
			isa = PBXSourcesBuildPhase;
			buildActionMask = 2147483647;
			files = (
				4225A175305694F600A739B8 /* SafariExtensionHandler.m in Sources */,
				0000000000000000000000B2 /* AddressPopoverController.m in Sources */,
				0000000000000000000000B4 /* OmnibarURLResolver.m in Sources */,
				0000000000000000000000B7 /* OmnibarSearchSettings.m in Sources */,
				0000000000000000000000B9 /* SearchSettingsController.m in Sources */,
			);
			runOnlyForDeploymentPostprocessing = 0;
		};
/* End PBXSourcesBuildPhase section */

/* Begin PBXTargetDependency section */
		4225A171305694F600A739B8 /* PBXTargetDependency */ = {
			isa = PBXTargetDependency;
			target = 4225A16D305694F600A739B8 /* Omnibar Extension */;
			targetProxy = 4225A170305694F600A739B8 /* PBXContainerItemProxy */;
		};
/* End PBXTargetDependency section */

/* Begin XCBuildConfiguration section */
		4225A177305694F600A739B8 /* Debug */ = {
			isa = XCBuildConfiguration;
			buildSettings = {
				ALWAYS_SEARCH_USER_PATHS = NO;
				ASSETCATALOG_COMPILER_GENERATE_SWIFT_ASSET_SYMBOL_EXTENSIONS = YES;
				CLANG_ANALYZER_NONNULL = YES;
				CLANG_ANALYZER_NUMBER_OBJECT_CONVERSION = YES_AGGRESSIVE;
				CLANG_CXX_LANGUAGE_STANDARD = "gnu++20";
				CLANG_ENABLE_MODULES = YES;
				CLANG_ENABLE_OBJC_ARC = YES;
				CLANG_ENABLE_OBJC_WEAK = YES;
				CLANG_WARN_BLOCK_CAPTURE_AUTORELEASING = YES;
				CLANG_WARN_BOOL_CONVERSION = YES;
				CLANG_WARN_COMMA = YES;
				CLANG_WARN_CONSTANT_CONVERSION = YES;
				CLANG_WARN_DEPRECATED_OBJC_IMPLEMENTATIONS = YES;
				CLANG_WARN_DIRECT_OBJC_ISA_USAGE = YES_ERROR;
				CLANG_WARN_DOCUMENTATION_COMMENTS = YES;
				CLANG_WARN_EMPTY_BODY = YES;
				CLANG_WARN_ENUM_CONVERSION = YES;
				CLANG_WARN_INFINITE_RECURSION = YES;
				CLANG_WARN_INT_CONVERSION = YES;
				CLANG_WARN_NON_LITERAL_NULL_CONVERSION = YES;
				CLANG_WARN_OBJC_IMPLICIT_RETAIN_SELF = YES;
				CLANG_WARN_OBJC_LITERAL_CONVERSION = YES;
				CLANG_WARN_OBJC_ROOT_CLASS = YES_ERROR;
				CLANG_WARN_QUOTED_INCLUDE_IN_FRAMEWORK_HEADER = YES;
				CLANG_WARN_RANGE_LOOP_ANALYSIS = YES;
				CLANG_WARN_STRICT_PROTOTYPES = YES;
				CLANG_WARN_SUSPICIOUS_MOVE = YES;
				CLANG_WARN_UNGUARDED_AVAILABILITY = YES_AGGRESSIVE;
				CLANG_WARN_UNREACHABLE_CODE = YES;
				CLANG_WARN__DUPLICATE_METHOD_MATCH = YES;
				COPY_PHASE_STRIP = NO;
				DEBUG_INFORMATION_FORMAT = dwarf;
				ENABLE_STRICT_OBJC_MSGSEND = YES;
				ENABLE_TESTABILITY = YES;
				ENABLE_USER_SCRIPT_SANDBOXING = YES;
				GCC_C_LANGUAGE_STANDARD = gnu17;
				GCC_DYNAMIC_NO_PIC = NO;
				GCC_NO_COMMON_BLOCKS = YES;
				GCC_OPTIMIZATION_LEVEL = 0;
				GCC_PREPROCESSOR_DEFINITIONS = (
					"DEBUG=1",
					"$(inherited)",
				);
				GCC_WARN_64_TO_32_BIT_CONVERSION = YES;
				GCC_WARN_ABOUT_RETURN_TYPE = YES_ERROR;
				GCC_WARN_UNDECLARED_SELECTOR = YES;
				GCC_WARN_UNINITIALIZED_AUTOS = YES_AGGRESSIVE;
				GCC_WARN_UNUSED_FUNCTION = YES;
				GCC_WARN_UNUSED_VARIABLE = YES;
				LOCALIZATION_PREFERS_STRING_CATALOGS = YES;
				MACOSX_DEPLOYMENT_TARGET = 13.0;
				MTL_ENABLE_DEBUG_INFO = INCLUDE_SOURCE;
				MTL_FAST_MATH = YES;
				ONLY_ACTIVE_ARCH = YES;
				SDKROOT = macosx;
			};
			name = Debug;
		};
		4225A178305694F600A739B8 /* Release */ = {
			isa = XCBuildConfiguration;
			buildSettings = {
				ALWAYS_SEARCH_USER_PATHS = NO;
				ASSETCATALOG_COMPILER_GENERATE_SWIFT_ASSET_SYMBOL_EXTENSIONS = YES;
				CLANG_ANALYZER_NONNULL = YES;
				CLANG_ANALYZER_NUMBER_OBJECT_CONVERSION = YES_AGGRESSIVE;
				CLANG_CXX_LANGUAGE_STANDARD = "gnu++20";
				CLANG_ENABLE_MODULES = YES;
				CLANG_ENABLE_OBJC_ARC = YES;
				CLANG_ENABLE_OBJC_WEAK = YES;
				CLANG_WARN_BLOCK_CAPTURE_AUTORELEASING = YES;
				CLANG_WARN_BOOL_CONVERSION = YES;
				CLANG_WARN_COMMA = YES;
				CLANG_WARN_CONSTANT_CONVERSION = YES;
				CLANG_WARN_DEPRECATED_OBJC_IMPLEMENTATIONS = YES;
				CLANG_WARN_DIRECT_OBJC_ISA_USAGE = YES_ERROR;
				CLANG_WARN_DOCUMENTATION_COMMENTS = YES;
				CLANG_WARN_EMPTY_BODY = YES;
				CLANG_WARN_ENUM_CONVERSION = YES;
				CLANG_WARN_INFINITE_RECURSION = YES;
				CLANG_WARN_INT_CONVERSION = YES;
				CLANG_WARN_NON_LITERAL_NULL_CONVERSION = YES;
				CLANG_WARN_OBJC_IMPLICIT_RETAIN_SELF = YES;
				CLANG_WARN_OBJC_LITERAL_CONVERSION = YES;
				CLANG_WARN_OBJC_ROOT_CLASS = YES_ERROR;
				CLANG_WARN_QUOTED_INCLUDE_IN_FRAMEWORK_HEADER = YES;
				CLANG_WARN_RANGE_LOOP_ANALYSIS = YES;
				CLANG_WARN_STRICT_PROTOTYPES = YES;
				CLANG_WARN_SUSPICIOUS_MOVE = YES;
				CLANG_WARN_UNGUARDED_AVAILABILITY = YES_AGGRESSIVE;
				CLANG_WARN_UNREACHABLE_CODE = YES;
				CLANG_WARN__DUPLICATE_METHOD_MATCH = YES;
				COPY_PHASE_STRIP = NO;
				DEBUG_INFORMATION_FORMAT = "dwarf-with-dsym";
				ENABLE_NS_ASSERTIONS = NO;
				ENABLE_STRICT_OBJC_MSGSEND = YES;
				ENABLE_USER_SCRIPT_SANDBOXING = YES;
				GCC_C_LANGUAGE_STANDARD = gnu17;
				GCC_NO_COMMON_BLOCKS = YES;
				GCC_WARN_64_TO_32_BIT_CONVERSION = YES;
				GCC_WARN_ABOUT_RETURN_TYPE = YES_ERROR;
				GCC_WARN_UNDECLARED_SELECTOR = YES;
				GCC_WARN_UNINITIALIZED_AUTOS = YES_AGGRESSIVE;
				GCC_WARN_UNUSED_FUNCTION = YES;
				GCC_WARN_UNUSED_VARIABLE = YES;
				LOCALIZATION_PREFERS_STRING_CATALOGS = YES;
				MACOSX_DEPLOYMENT_TARGET = 13.0;
				MTL_ENABLE_DEBUG_INFO = NO;
				MTL_FAST_MATH = YES;
				SDKROOT = macosx;
			};
			name = Release;
		};
		4225A17A305694F600A739B8 /* Debug */ = {
			isa = XCBuildConfiguration;
			buildSettings = {
				APPLICATION_EXTENSION_API_ONLY = YES;
				CODE_SIGN_IDENTITY = "Apple Development";
				CODE_SIGN_STYLE = Automatic;
				CURRENT_PROJECT_VERSION = 7;
				DEVELOPMENT_TEAM = 3W55472NF6;
				ENABLE_APP_SANDBOX = YES;
				ENABLE_HARDENED_RUNTIME = YES;
				GENERATE_INFOPLIST_FILE = YES;
				INFOPLIST_FILE = "Omnibar Extension/Info.plist";
				INFOPLIST_KEY_CFBundleDisplayName = Omnibar;
				INFOPLIST_KEY_NSHumanReadableCopyright = "";
				LD_RUNPATH_SEARCH_PATHS = (
					"$(inherited)",
					"@executable_path/../Frameworks",
					"@executable_path/../../../../Frameworks",
				);
				MACOSX_DEPLOYMENT_TARGET = 13.0;
				MARKETING_VERSION = 1.2;
				OTHER_LDFLAGS = (
					"-framework",
					SafariServices,
					"-framework",
					Security,
				);
				PRODUCT_BUNDLE_IDENTIFIER = com.dkaluta.omnibar.Extension;
				PRODUCT_NAME = "$(TARGET_NAME)";
				SKIP_INSTALL = YES;
				STRING_CATALOG_GENERATE_SYMBOLS = YES;
				SWIFT_EMIT_LOC_STRINGS = YES;
			};
			name = Debug;
		};
		4225A17B305694F600A739B8 /* Release */ = {
			isa = XCBuildConfiguration;
			buildSettings = {
				APPLICATION_EXTENSION_API_ONLY = YES;
				CODE_SIGN_IDENTITY = "Apple Development";
				CODE_SIGN_STYLE = Automatic;
				CURRENT_PROJECT_VERSION = 7;
				DEVELOPMENT_TEAM = 3W55472NF6;
				ENABLE_APP_SANDBOX = YES;
				ENABLE_HARDENED_RUNTIME = YES;
				GENERATE_INFOPLIST_FILE = YES;
				INFOPLIST_FILE = "Omnibar Extension/Info.plist";
				INFOPLIST_KEY_CFBundleDisplayName = Omnibar;
				INFOPLIST_KEY_NSHumanReadableCopyright = "";
				LD_RUNPATH_SEARCH_PATHS = (
					"$(inherited)",
					"@executable_path/../Frameworks",
					"@executable_path/../../../../Frameworks",
				);
				MACOSX_DEPLOYMENT_TARGET = 13.0;
				MARKETING_VERSION = 1.2;
				OTHER_LDFLAGS = (
					"-framework",
					SafariServices,
					"-framework",
					Security,
				);
				PRODUCT_BUNDLE_IDENTIFIER = com.dkaluta.omnibar.Extension;
				PRODUCT_NAME = "$(TARGET_NAME)";
				SKIP_INSTALL = YES;
				STRING_CATALOG_GENERATE_SYMBOLS = YES;
				SWIFT_EMIT_LOC_STRINGS = YES;
			};
			name = Release;
		};
		4225A17E305694F600A739B8 /* Debug */ = {
			isa = XCBuildConfiguration;
			buildSettings = {
				ASSETCATALOG_COMPILER_APPICON_NAME = AppIcon;
				ASSETCATALOG_COMPILER_GLOBAL_ACCENT_COLOR_NAME = AccentColor;
				CODE_SIGN_IDENTITY = "Apple Development";
				CODE_SIGN_STYLE = Automatic;
				COMBINE_HIDPI_IMAGES = YES;
				CURRENT_PROJECT_VERSION = 7;
				DEVELOPMENT_TEAM = 3W55472NF6;
				ENABLE_APP_SANDBOX = YES;
				ENABLE_HARDENED_RUNTIME = YES;
				GENERATE_INFOPLIST_FILE = YES;
				INFOPLIST_FILE = Omnibar/Info.plist;
				INFOPLIST_KEY_CFBundleDisplayName = Omnibar;
				INFOPLIST_KEY_NSHumanReadableCopyright = "";
				INFOPLIST_KEY_NSPrincipalClass = NSApplication;
				LD_RUNPATH_SEARCH_PATHS = (
					"$(inherited)",
					"@executable_path/../Frameworks",
				);
				MARKETING_VERSION = 1.2;
				OTHER_LDFLAGS = (
					"-framework",
					SafariServices,
				);
				PRODUCT_BUNDLE_IDENTIFIER = com.dkaluta.omnibar;
				PRODUCT_NAME = "$(TARGET_NAME)";
				STRING_CATALOG_GENERATE_SYMBOLS = YES;
				SWIFT_EMIT_LOC_STRINGS = YES;
			};
			name = Debug;
		};
		4225A17F305694F600A739B8 /* Release */ = {
			isa = XCBuildConfiguration;
			buildSettings = {
				ASSETCATALOG_COMPILER_APPICON_NAME = AppIcon;
				ASSETCATALOG_COMPILER_GLOBAL_ACCENT_COLOR_NAME = AccentColor;
				CODE_SIGN_IDENTITY = "Apple Development";
				CODE_SIGN_STYLE = Automatic;
				COMBINE_HIDPI_IMAGES = YES;
				CURRENT_PROJECT_VERSION = 7;
				DEVELOPMENT_TEAM = 3W55472NF6;
				ENABLE_APP_SANDBOX = YES;
				ENABLE_HARDENED_RUNTIME = YES;
				GENERATE_INFOPLIST_FILE = YES;
				INFOPLIST_FILE = Omnibar/Info.plist;
				INFOPLIST_KEY_CFBundleDisplayName = Omnibar;
				INFOPLIST_KEY_NSHumanReadableCopyright = "";
				INFOPLIST_KEY_NSPrincipalClass = NSApplication;
				LD_RUNPATH_SEARCH_PATHS = (
					"$(inherited)",
					"@executable_path/../Frameworks",
				);
				MARKETING_VERSION = 1.2;
				OTHER_LDFLAGS = (
					"-framework",
					SafariServices,
				);
				PRODUCT_BUNDLE_IDENTIFIER = com.dkaluta.omnibar;
				PRODUCT_NAME = "$(TARGET_NAME)";
				STRING_CATALOG_GENERATE_SYMBOLS = YES;
				SWIFT_EMIT_LOC_STRINGS = YES;
			};
			name = Release;
		};
/* End XCBuildConfiguration section */

/* Begin XCConfigurationList section */
		4225A14A305694F500A739B8 /* Build configuration list for PBXProject "Omnibar" */ = {
			isa = XCConfigurationList;
			buildConfigurations = (
				4225A177305694F600A739B8 /* Debug */,
				4225A178305694F600A739B8 /* Release */,
			);
			defaultConfigurationIsVisible = 0;
			defaultConfigurationName = Release;
		};
		4225A179305694F600A739B8 /* Build configuration list for PBXNativeTarget "Omnibar Extension" */ = {
			isa = XCConfigurationList;
			buildConfigurations = (
				4225A17A305694F600A739B8 /* Debug */,
				4225A17B305694F600A739B8 /* Release */,
			);
			defaultConfigurationIsVisible = 0;
			defaultConfigurationName = Release;
		};
		4225A17D305694F600A739B8 /* Build configuration list for PBXNativeTarget "Omnibar" */ = {
			isa = XCConfigurationList;
			buildConfigurations = (
				4225A17E305694F600A739B8 /* Debug */,
				4225A17F305694F600A739B8 /* Release */,
			);
			defaultConfigurationIsVisible = 0;
			defaultConfigurationName = Release;
		};
/* End XCConfigurationList section */
	};
	rootObject = 4225A147305694F500A739B8 /* Project object */;
}
